{
  "name": "新建文件夹",
  "lockfileVersion": 2,
  "requires": true,
  "packages": {
    "": {
      "dependencies": {
        "os-utils": "^0.0.14"
      }
    },
    "node_modules/os-utils": {
      "version": "0.0.14",
      "resolved": "https://registry.nlark.com/os-utils/download/os-utils-0.0.14.tgz",
      "integrity": "sha1-KeURaXsZgrjGJ3Ihdf45eX72QVY=",
      "engines": {
        "node": "*"
      }
    }
  },
  "dependencies": {
    "os-utils": {
      "version": "0.0.14",
      "resolved": "https://registry.nlark.com/os-utils/download/os-utils-0.0.14.tgz",
      "integrity": "sha1-KeURaXsZgrjGJ3Ihdf45eX72QVY="
    }
  }
}
